// !$*UTF8*$!
{
	archiveVersion = 1;
	classes = {
	};
	objectVersion = 46;
	objects = {

/* Begin PBXBuildFile section */
		88E8304C1F72CD7B00A1A6F5 /* AppDelegate.swift in Sources */ = {isa = PBXBuildFile; fileRef = 88E8304B1F72CD7B00A1A6F5 /* AppDelegate.swift */; };
		88E8304E1F72CD7B00A1A6F5 /* ViewController.swift in Sources */ = {isa = PBXBuildFile; fileRef = 88E8304D1F72CD7B00A1A6F5 /* ViewController.swift */; };
		88E830511F72CD7B00A1A6F5 /* Main.storyboard in Resources */ = {isa = PBXBuildFile; fileRef = 88E8304F1F72CD7B00A1A6F5 /* Main.storyboard */; };
		88E830531F72CD7B00A1A6F5 /* Assets.xcassets in Resources */ = {isa = PBXBuildFile; fileRef = 88E830521F72CD7B00A1A6F5 /* Assets.xcassets */; };
		88E830561F72CD7B00A1A6F5 /* LaunchScreen.storyboard in Resources */ = {isa = PBXBuildFile; fileRef = 88E830541F72CD7B00A1A6F5 /* LaunchScreen.storyboard */; };
		88E830611F72CD7B00A1A6F5 /* JsonTesterTests.swift in Sources */ = {isa = PBXBuildFile; fileRef = 88E830601F72CD7B00A1A6F5 /* JsonTesterTests.swift */; };
		88E8306C1F72CD7B00A1A6F5 /* JsonTesterUITests.swift in Sources */ = {isa = PBXBuildFile; fileRef = 88E8306B1F72CD7B00A1A6F5 /* JsonTesterUITests.swift */; };
/* End PBXBuildFile section */

/* Begin PBXContainerItemProxy section */
		88E8305D1F72CD7B00A1A6F5 /* PBXContainerItemProxy */ = {
			isa = PBXContainerItemProxy;
			containerPortal = 88E830401F72CD7B00A1A6F5 /* Project object */;
			proxyType = 1;
			remoteGlobalIDString = 88E830471F72CD7B00A1A6F5;
			remoteInfo = JsonTester;
		};
		88E830681F72CD7B00A1A6F5 /* PBXContainerItemProxy */ = {
			isa = PBXContainerItemProxy;
			containerPortal = 88E830401F72CD7B00A1A6F5 /* Project object */;
			proxyType = 1;
			remoteGlobalIDString = 88E830471F72CD7B00A1A6F5;
			remoteInfo = JsonTester;
		};
/* End PBXContainerItemProxy section */

/* Begin PBXFileReference section */
		88E830481F72CD7B00A1A6F5 /* JsonTester.app */ = {isa = PBXFileReference; explicitFileType = wrapper.application; includeInIndex = 0; path = JsonTester.app; sourceTree = BUILT_PRODUCTS_DIR; };
		88E8304B1F72CD7B00A1A6F5 /* AppDelegate.swift */ = {isa = PBXFileReference; lastKnownFileType = sourcecode.swift; path = AppDelegate.swift; sourceTree = "<group>"; };
		88E8304D1F72CD7B00A1A6F5 /* ViewController.swift */ = {isa = PBXFileReference; lastKnownFileType = sourcecode.swift; path = ViewController.swift; sourceTree = "<group>"; };
		88E830501F72CD7B00A1A6F5 /* Base */ = {isa = PBXFileReference; lastKnownFileType = file.storyboard; name = Base; path = Base.lproj/Main.storyboard; sourceTree = "<group>"; };
		88E830521F72CD7B00A1A6F5 /* Assets.xcassets */ = {isa = PBXFileReference; lastKnownFileType = folder.assetcatalog; path = Assets.xcassets; sourceTree = "<group>"; };
		88E830551F72CD7B00A1A6F5 /* Base */ = {isa = PBXFileReference; lastKnownFileType = file.storyboard; name = Base; path = Base.lproj/LaunchScreen.storyboard; sourceTree = "<group>"; };
		88E830571F72CD7B00A1A6F5 /* Info.plist */ = {isa = PBXFileReference; lastKnownFileType = text.plist.xml; path = Info.plist; sourceTree = "<group>"; };
		88E8305C1F72CD7B00A1A6F5 /* JsonTesterTests.xctest */ = {isa = PBXFileReference; explicitFileType = wrapper.cfbundle; includeInIndex = 0; path = JsonTesterTests.xctest; sourceTree = BUILT_PRODUCTS_DIR; };
		88E830601F72CD7B00A1A6F5 /* JsonTesterTests.swift */ = {isa = PBXFileReference; lastKnownFileType = sourcecode.swift; path = JsonTesterTests.swift; sourceTree = "<group>"; };
		88E830621F72CD7B00A1A6F5 /* Info.plist */ = {isa = PBXFileReference; lastKnownFileType = text.plist.xml; path = Info.plist; sourceTree = "<group>"; };
		88E830671F72CD7B00A1A6F5 /* JsonTesterUITests.xctest */ = {isa = PBXFileReference; explicitFileType = wrapper.cfbundle; includeInIndex = 0; path = JsonTesterUITests.xctest; sourceTree = BUILT_PRODUCTS_DIR; };
		88E8306B1F72CD7B00A1A6F5 /* JsonTesterUITests.swift */ = {isa = PBXFileReference; lastKnownFileType = sourcecode.swift; path = JsonTesterUITests.swift; sourceTree = "<group>"; };
		88E8306D1F72CD7B00A1A6F5 /* Info.plist */ = {isa = PBXFileReference; lastKnownFileType = text.plist.xml; path = Info.plist; sourceTree = "<group>"; };
/* End PBXFileReference section */

/* Begin PBXFrameworksBuildPhase section */
		88E830451F72CD7B00A1A6F5 /* Frameworks */ = {
			isa = PBXFrameworksBuildPhase;
			buildActionMask = 2147483647;
			files = (
			);
			runOnlyForDeploymentPostprocessing = 0;
		};
		88E830591F72CD7B00A1A6F5 /* Frameworks */ = {
			isa = PBXFrameworksBuildPhase;
			buildActionMask = 2147483647;
			files = (
			);
			runOnlyForDeploymentPostprocessing = 0;
		};
		88E830641F72CD7B00A1A6F5 /* Frameworks */ = {
			isa = PBXFrameworksBuildPhase;
			buildActionMask = 2147483647;
			files = (
			);
			runOnlyForDeploymentPostprocessing = 0;
		};
/* End PBXFrameworksBuildPhase section */

/* Begin PBXGroup section */
		88E8303F1F72CD7B00A1A6F5 = {
			isa = PBXGroup;
			children = (
				88E8304A1F72CD7B00A1A6F5 /* JsonTester */,
				88E8305F1F72CD7B00A1A6F5 /* JsonTesterTests */,
				88E8306A1F72CD7B00A1A6F5 /* JsonTesterUITests */,
				88E830491F72CD7B00A1A6F5 /* Products */,
			);
			sourceTree = "<group>";
		};
		88E830491F72CD7B00A1A6F5 /* Products */ = {
			isa = PBXGroup;
			children = (
				88E830481F72CD7B00A1A6F5 /* JsonTester.app */,
				88E8305C1F72CD7B00A1A6F5 /* JsonTesterTests.xctest */,
				88E830671F72CD7B00A1A6F5 /* JsonTesterUITests.xctest */,
			);
			name = Products;
			sourceTree = "<group>";
		};
		88E8304A1F72CD7B00A1A6F5 /* JsonTester */ = {
			isa = PBXGroup;
			children = (
				88E8304B1F72CD7B00A1A6F5 /* AppDelegate.swift */,
				88E8304D1F72CD7B00A1A6F5 /* ViewController.swift */,
				88E8304F1F72CD7B00A1A6F5 /* Main.storyboard */,
				88E830521F72CD7B00A1A6F5 /* Assets.xcassets */,
				88E830541F72CD7B00A1A6F5 /* LaunchScreen.storyboard */,
				88E830571F72CD7B00A1A6F5 /* Info.plist */,
			);
			path = JsonTester;
			sourceTree = "<group>";
		};
		88E8305F1F72CD7B00A1A6F5 /* JsonTesterTests */ = {
			isa = PBXGroup;
			children = (
				88E830601F72CD7B00A1A6F5 /* JsonTesterTests.swift */,
				88E830621F72CD7B00A1A6F5 /* Info.plist */,
			);
			path = JsonTesterTests;
			sourceTree = "<group>";
		};
		88E8306A1F72CD7B00A1A6F5 /* JsonTesterUITests */ = {
			isa = PBXGroup;
			children = (
				88E8306B1F72CD7B00A1A6F5 /* JsonTesterUITests.swift */,
				88E8306D1F72CD7B00A1A6F5 /* Info.plist */,
			);
			path = JsonTesterUITests;
			sourceTree = "<group>";
		};
/* End PBXGroup section */

/* Begin PBXNativeTarget section */
		88E830471F72CD7B00A1A6F5 /* JsonTester */ = {
			isa = PBXNativeTarget;
			buildConfigurationList = 88E830701F72CD7B00A1A6F5 /* Build configuration list for PBXNativeTarget "JsonTester" */;
			buildPhases = (
				88E830441F72CD7B00A1A6F5 /* Sources */,
				88E830451F72CD7B00A1A6F5 /* Frameworks */,
				88E830461F72CD7B00A1A6F5 /* Resources */,
			);
			buildRules = (
			);
			dependencies = (
			);
			name = JsonTester;
			productName = JsonTester;
			productReference = 88E830481F72CD7B00A1A6F5 /* JsonTester.app */;
			productType = "com.apple.product-type.application";
		};
		88E8305B1F72CD7B00A1A6F5 /* JsonTesterTests */ = {
			isa = PBXNativeTarget;
			buildConfigurationList = 88E830731F72CD7B00A1A6F5 /* Build configuration list for PBXNativeTarget "JsonTesterTests" */;
			buildPhases = (
				88E830581F72CD7B00A1A6F5 /* Sources */,
				88E830591F72CD7B00A1A6F5 /* Frameworks */,
				88E8305A1F72CD7B00A1A6F5 /* Resources */,
			);
			buildRules = (
			);
			dependencies = (
				88E8305E1F72CD7B00A1A6F5 /* PBXTargetDependency */,
			);
			name = JsonTesterTests;
			productName = JsonTesterTests;
			productReference = 88E8305C1F72CD7B00A1A6F5 /* JsonTesterTests.xctest */;
			productType = "com.apple.product-type.bundle.unit-test";
		};
		88E830661F72CD7B00A1A6F5 /* JsonTesterUITests */ = {
			isa = PBXNativeTarget;
			buildConfigurationList = 88E830761F72CD7B00A1A6F5 /* Build configuration list for PBXNativeTarget "JsonTesterUITests" */;
			buildPhases = (
				88E830631F72CD7B00A1A6F5 /* Sources */,
				88E830641F72CD7B00A1A6F5 /* Frameworks */,
				88E830651F72CD7B00A1A6F5 /* Resources */,
			);
			buildRules = (
			);
			dependencies = (
				88E830691F72CD7B00A1A6F5 /* PBXTargetDependency */,
			);
			name = JsonTesterUITests;
			productName = JsonTesterUITests;
			productReference = 88E830671F72CD7B00A1A6F5 /* JsonTesterUITests.xctest */;
			productType = "com.apple.product-type.bundle.ui-testing";
		};
/* End PBXNativeTarget section */

/* Begin PBXProject section */
		88E830401F72CD7B00A1A6F5 /* Project object */ = {
			isa = PBXProject;
			attributes = {
				LastSwiftUpdateCheck = 0830;
				LastUpgradeCheck = 0830;
				ORGANIZATIONNAME = "Dugar Badagarov";
				TargetAttributes = {
					88E830471F72CD7B00A1A6F5 = {
						CreatedOnToolsVersion = 8.3.3;
						DevelopmentTeam = 64986J6J74;
						ProvisioningStyle = Automatic;
					};
					88E8305B1F72CD7B00A1A6F5 = {
						CreatedOnToolsVersion = 8.3.3;
						DevelopmentTeam = 64986J6J74;
						ProvisioningStyle = Automatic;
						TestTargetID = 88E830471F72CD7B00A1A6F5;
					};
					88E830661F72CD7B00A1A6F5 = {
						CreatedOnToolsVersion = 8.3.3;
						DevelopmentTeam = 64986J6J74;
						ProvisioningStyle = Automatic;
						TestTargetID = 88E830471F72CD7B00A1A6F5;
					};
				};
			};
			buildConfigurationList = 88E830431F72CD7B00A1A6F5 /* Build configuration list for PBXProject "JsonTester" */;
			compatibilityVersion = "Xcode 3.2";
			developmentRegion = English;
			hasScannedForEncodings = 0;
			knownRegions = (
				en,
				Base,
			);
			mainGroup = 88E8303F1F72CD7B00A1A6F5;
			productRefGroup = 88E830491F72CD7B00A1A6F5 /* Products */;
			projectDirPath = "";
			projectRoot = "";
			targets = (
				88E830471F72CD7B00A1A6F5 /* JsonTester */,
				88E8305B1F72CD7B00A1A6F5 /* JsonTesterTests */,
				88E830661F72CD7B00A1A6F5 /* JsonTesterUITests */,
			);
		};
/* End PBXProject section */

/* Begin PBXResourcesBuildPhase section */
		88E830461F72CD7B00A1A6F5 /* Resources */ = {
			isa = PBXResourcesBuildPhase;
			buildActionMask = 2147483647;
			files = (
				88E830561F72CD7B00A1A6F5 /* LaunchScreen.storyboard in Resources */,
				88E830531F72CD7B00A1A6F5 /* Assets.xcassets in Resources */,
				88E830511F72CD7B00A1A6F5 /* Main.storyboard in Resources */,
			);
			runOnlyForDeploymentPostprocessing = 0;
		};
		88E8305A1F72CD7B00A1A6F5 /* Resources */ = {
			isa = PBXResourcesBuildPhase;
			buildActionMask = 2147483647;
			files = (
			);
			runOnlyForDeploymentPostprocessing = 0;
		};
		88E830651F72CD7B00A1A6F5 /* Resources */ = {
			isa = PBXResourcesBuildPhase;
			buildActionMask = 2147483647;
			files = (
			);
			runOnlyForDeploymentPostprocessing = 0;
		};
/* End PBXResourcesBuildPhase section */

/* Begin PBXSourcesBuildPhase section */
		88E830441F72CD7B00A1A6F5 /* Sources */ = {
			isa = PBXSourcesBuildPhase;
			buildActionMask = 2147483647;
			files = (
				88E8304E1F72CD7B00A1A6F5 /* ViewController.swift in Sources */,
				88E8304C1F72CD7B00A1A6F5 /* AppDelegate.swift in Sources */,
			);
			runOnlyForDeploymentPostprocessing = 0;
		};
		88E830581F72CD7B00A1A6F5 /* Sources */ = {
			isa = PBXSourcesBuildPhase;
			buildActionMask = 2147483647;
			files = (
				88E830611F72CD7B00A1A6F5 /* JsonTesterTests.swift in Sources */,
			);
			runOnlyForDeploymentPostprocessing = 0;
		};
		88E830631F72CD7B00A1A6F5 /* Sources */ = {
			isa = PBXSourcesBuildPhase;
			buildActionMask = 2147483647;
			files = (
				88E8306C1F72CD7B00A1A6F5 /* JsonTesterUITests.swift in Sources */,
			);
			runOnlyForDeploymentPostprocessing = 0;
		};
/* End PBXSourcesBuildPhase section */

/* Begin PBXTargetDependency section */
		88E8305E1F72CD7B00A1A6F5 /* PBXTargetDependency */ = {
			isa = PBXTargetDependency;
			target = 88E830471F72CD7B00A1A6F5 /* JsonTester */;
			targetProxy = 88E8305D1F72CD7B00A1A6F5 /* PBXContainerItemProxy */;
		};
		88E830691F72CD7B00A1A6F5 /* PBXTargetDependency */ = {
			isa = PBXTargetDependency;
			target = 88E830471F72CD7B00A1A6F5 /* JsonTester */;
			targetProxy = 88E830681F72CD7B00A1A6F5 /* PBXContainerItemProxy */;
		};
/* End PBXTargetDependency section */

/* Begin PBXVariantGroup section */
		88E8304F1F72CD7B00A1A6F5 /* Main.storyboard */ = {
			isa = PBXVariantGroup;
			children = (
				88E830501F72CD7B00A1A6F5 /* Base */,
			);
			name = Main.storyboard;
			sourceTree = "<group>";
		};
		88E830541F72CD7B00A1A6F5 /* LaunchScreen.storyboard */ = {
			isa = PBXVariantGroup;
			children = (
				88E830551F72CD7B00A1A6F5 /* Base */,
			);
			name = LaunchScreen.storyboard;
			sourceTree = "<group>";
		};
/* End PBXVariantGroup section */

/* Begin XCBuildConfiguration section */
		88E8306E1F72CD7B00A1A6F5 /* Debug */ = {
			isa = XCBuildConfiguration;
			buildSettings = {
				ALWAYS_SEARCH_USER_PATHS = NO;
				CLANG_ANALYZER_NONNULL = YES;
				CLANG_ANALYZER_NUMBER_OBJECT_CONVERSION = YES_AGGRESSIVE;
				CLANG_CXX_LANGUAGE_STANDARD = "gnu++0x";
				CLANG_CXX_LIBRARY = "libc++";
				CLANG_ENABLE_MODULES = YES;
				CLANG_ENABLE_OBJC_ARC = YES;
				CLANG_WARN_BOOL_CONVERSION = YES;
				CLANG_WARN_CONSTANT_CONVERSION = YES;
				CLANG_WARN_DIRECT_OBJC_ISA_USAGE = YES_ERROR;
				CLANG_WARN_DOCUMENTATION_COMMENTS = YES;
				CLANG_WARN_EMPTY_BODY = YES;
				CLANG_WARN_ENUM_CONVERSION = YES;
				CLANG_WARN_INFINITE_RECURSION = YES;
				CLANG_WARN_INT_CONVERSION = YES;
				CLANG_WARN_OBJC_ROOT_CLASS = YES_ERROR;
				CLANG_WARN_SUSPICIOUS_MOVE = YES;
				CLANG_WARN_UNREACHABLE_CODE = YES;
				CLANG_WARN__DUPLICATE_METHOD_MATCH = YES;
				"CODE_SIGN_IDENTITY[sdk=iphoneos*]" = "iPhone Developer";
				COPY_PHASE_STRIP = NO;
				DEBUG_INFORMATION_FORMAT = dwarf;
				ENABLE_STRICT_OBJC_MSGSEND = YES;
				ENABLE_TESTABILITY = YES;
				GCC_C_LANGUAGE_STANDARD = gnu99;
				GCC_DYNAMIC_NO_PIC = NO;
				GCC_NO_COMMON_BLOCKS = YES;
				GCC_OPTIMIZATION_LEVEL = 0;
				GCC_PREPROCESSOR_DEFINITIONS = (
					"DEBUG=1",
					"$(inherited)",
				);
				GCC_WARN_64_TO_32_BIT_CONVERSION = YES;
				GCC_WARN_ABOUT_RETURN_TYPE = YES_ERROR;
				GCC_WARN_UNDECLARED_SELECTOR = YES;
				GCC_WARN_UNINITIALIZED_AUTOS = YES_AGGRESSIVE;
				GCC_WARN_UNUSED_FUNCTION = YES;
				GCC_WARN_UNUSED_VARIABLE = YES;
				IPHONEOS_DEPLOYMENT_TARGET = 10.3;
				MTL_ENABLE_DEBUG_INFO = YES;
				ONLY_ACTIVE_ARCH = YES;
				SDKROOT = iphoneos;
				SWIFT_ACTIVE_COMPILATION_CONDITIONS = DEBUG;
				SWIFT_OPTIMIZATION_LEVEL = "-Onone";
				TARGETED_DEVICE_FAMILY = "1,2";
			};
			name = Debug;
		};
		88E8306F1F72CD7B00A1A6F5 /* Release */ = {
			isa = XCBuildConfiguration;
			buildSettings = {
				ALWAYS_SEARCH_USER_PATHS = NO;
				CLANG_ANALYZER_NONNULL = YES;
				CLANG_ANALYZER_NUMBER_OBJECT_CONVERSION = YES_AGGRESSIVE;
				CLANG_CXX_LANGUAGE_STANDARD = "gnu++0x";
				CLANG_CXX_LIBRARY = "libc++";
				CLANG_ENABLE_MODULES = YES;
				CLANG_ENABLE_OBJC_ARC = YES;
				CLANG_WARN_BOOL_CONVERSION = YES;
				CLANG_WARN_CONSTANT_CONVERSION = YES;
				CLANG_WARN_DIRECT_OBJC_ISA_USAGE = YES_ERROR;
				CLANG_WARN_DOCUMENTATION_COMMENTS = YES;
				CLANG_WARN_EMPTY_BODY = YES;
				CLANG_WARN_ENUM_CONVERSION = YES;
				CLANG_WARN_INFINITE_RECURSION = YES;
				CLANG_WARN_INT_CONVERSION = YES;
				CLANG_WARN_OBJC_ROOT_CLASS = YES_ERROR;
				CLANG_WARN_SUSPICIOUS_MOVE = YES;
				CLANG_WARN_UNREACHABLE_CODE = YES;
				CLANG_WARN__DUPLICATE_METHOD_MATCH = YES;
				"CODE_SIGN_IDENTITY[sdk=iphoneos*]" = "iPhone Developer";
				COPY_PHASE_STRIP = NO;
				DEBUG_INFORMATION_FORMAT = "dwarf-with-dsym";
				ENABLE_NS_ASSERTIONS = NO;
				ENABLE_STRICT_OBJC_MSGSEND = YES;
				GCC_C_LANGUAGE_STANDARD = gnu99;
				GCC_NO_COMMON_BLOCKS = YES;
				GCC_WARN_64_TO_32_BIT_CONVERSION = YES;
				GCC_WARN_ABOUT_RETURN_TYPE = YES_ERROR;
				GCC_WARN_UNDECLARED_SELECTOR = YES;
				GCC_WARN_UNINITIALIZED_AUTOS = YES_AGGRESSIVE;
				GCC_WARN_UNUSED_FUNCTION = YES;
				GCC_WARN_UNUSED_VARIABLE = YES;
				IPHONEOS_DEPLOYMENT_TARGET = 10.3;
				MTL_ENABLE_DEBUG_INFO = NO;
				SDKROOT = iphoneos;
				SWIFT_OPTIMIZATION_LEVEL = "-Owholemodule";
				TARGETED_DEVICE_FAMILY = "1,2";
				VALIDATE_PRODUCT = YES;
			};
			name = Release;
		};
		88E830711F72CD7B00A1A6F5 /* Debug */ = {
			isa = XCBuildConfiguration;
			buildSettings = {
				ASSETCATALOG_COMPILER_APPICON_NAME = AppIcon;
				DEVELOPMENT_TEAM = 64986J6J74;
				INFOPLIST_FILE = JsonTester/Info.plist;
				LD_RUNPATH_SEARCH_PATHS = "$(inherited) @executable_path/Frameworks";
				PRODUCT_BUNDLE_IDENTIFIER = com.123.JsonTester;
				PRODUCT_NAME = "$(TARGET_NAME)";
				SWIFT_VERSION = 3.0;
			};
			name = Debug;
		};
		88E830721F72CD7B00A1A6F5 /* Release */ = {
			isa = XCBuildConfiguration;
			buildSettings = {
				ASSETCATALOG_COMPILER_APPICON_NAME = AppIcon;
				DEVELOPMENT_TEAM = 64986J6J74;
				INFOPLIST_FILE = JsonTester/Info.plist;
				LD_RUNPATH_SEARCH_PATHS = "$(inherited) @executable_path/Frameworks";
				PRODUCT_BUNDLE_IDENTIFIER = com.123.JsonTester;
				PRODUCT_NAME = "$(TARGET_NAME)";
				SWIFT_VERSION = 3.0;
			};
			name = Release;
		};
		88E830741F72CD7B00A1A6F5 /* Debug */ = {
			isa = XCBuildConfiguration;
			buildSettings = {
				ALWAYS_EMBED_SWIFT_STANDARD_LIBRARIES = YES;
				BUNDLE_LOADER = "$(TEST_HOST)";
				DEVELOPMENT_TEAM = 64986J6J74;
				INFOPLIST_FILE = JsonTesterTests/Info.plist;
				LD_RUNPATH_SEARCH_PATHS = "$(inherited) @executable_path/Frameworks @loader_path/Frameworks";
				PRODUCT_BUNDLE_IDENTIFIER = com.123.JsonTesterTests;
				PRODUCT_NAME = "$(TARGET_NAME)";
				SWIFT_VERSION = 3.0;
				TEST_HOST = "$(BUILT_PRODUCTS_DIR)/JsonTester.app/JsonTester";
			};
			name = Debug;
		};
		88E830751F72CD7B00A1A6F5 /* Release */ = {
			isa = XCBuildConfiguration;
			buildSettings = {
				ALWAYS_EMBED_SWIFT_STANDARD_LIBRARIES = YES;
				BUNDLE_LOADER = "$(TEST_HOST)";
				DEVELOPMENT_TEAM = 64986J6J74;
				INFOPLIST_FILE = JsonTesterTests/Info.plist;
				LD_RUNPATH_SEARCH_PATHS = "$(inherited) @executable_path/Frameworks @loader_path/Frameworks";
				PRODUCT_BUNDLE_IDENTIFIER = com.123.JsonTesterTests;
				PRODUCT_NAME = "$(TARGET_NAME)";
				SWIFT_VERSION = 3.0;
				TEST_HOST = "$(BUILT_PRODUCTS_DIR)/JsonTester.app/JsonTester";
			};
			name = Release;
		};
		88E830771F72CD7B00A1A6F5 /* Debug */ = {
			isa = XCBuildConfiguration;
			buildSettings = {
				ALWAYS_EMBED_SWIFT_STANDARD_LIBRARIES = YES;
				DEVELOPMENT_TEAM = 64986J6J74;
				INFOPLIST_FILE = JsonTesterUITests/Info.plist;
				LD_RUNPATH_SEARCH_PATHS = "$(inherited) @executable_path/Frameworks @loader_path/Frameworks";
				PRODUCT_BUNDLE_IDENTIFIER = com.123.JsonTesterUITests;
				PRODUCT_NAME = "$(TARGET_NAME)";
				SWIFT_VERSION = 3.0;
				TEST_TARGET_NAME = JsonTester;
			};
			name = Debug;
		};
		88E830781F72CD7B00A1A6F5 /* Release */ = {
			isa = XCBuildConfiguration;
			buildSettings = {
				ALWAYS_EMBED_SWIFT_STANDARD_LIBRARIES = YES;
				DEVELOPMENT_TEAM = 64986J6J74;
				INFOPLIST_FILE = JsonTesterUITests/Info.plist;
				LD_RUNPATH_SEARCH_PATHS = "$(inherited) @executable_path/Frameworks @loader_path/Frameworks";
				PRODUCT_BUNDLE_IDENTIFIER = com.123.JsonTesterUITests;
				PRODUCT_NAME = "$(TARGET_NAME)";
				SWIFT_VERSION = 3.0;
				TEST_TARGET_NAME = JsonTester;
			};
			name = Release;
		};
/* End XCBuildConfiguration section */

/* Begin XCConfigurationList section */
		88E830431F72CD7B00A1A6F5 /* Build configuration list for PBXProject "JsonTester" */ = {
			isa = XCConfigurationList;
			buildConfigurations = (
				88E8306E1F72CD7B00A1A6F5 /* Debug */,
				88E8306F1F72CD7B00A1A6F5 /* Release */,
			);
			defaultConfigurationIsVisible = 0;
			defaultConfigurationName = Release;
		};
		88E830701F72CD7B00A1A6F5 /* Build configuration list for PBXNativeTarget "JsonTester" */ = {
			isa = XCConfigurationList;
			buildConfigurations = (
				88E830711F72CD7B00A1A6F5 /* Debug */,
				88E830721F72CD7B00A1A6F5 /* Release */,
			);
			defaultConfigurationIsVisible = 0;
		};
		88E830731F72CD7B00A1A6F5 /* Build configuration list for PBXNativeTarget "JsonTesterTests" */ = {
			isa = XCConfigurationList;
			buildConfigurations = (
				88E830741F72CD7B00A1A6F5 /* Debug */,
				88E830751F72CD7B00A1A6F5 /* Release */,
			);
			defaultConfigurationIsVisible = 0;
		};
		88E830761F72CD7B00A1A6F5 /* Build configuration list for PBXNativeTarget "JsonTesterUITests" */ = {
			isa = XCConfigurationList;
			buildConfigurations = (
				88E830771F72CD7B00A1A6F5 /* Debug */,
				88E830781F72CD7B00A1A6F5 /* Release */,
			);
			defaultConfigurationIsVisible = 0;
		};
/* End XCConfigurationList section */
	};
	rootObject = 88E830401F72CD7B00A1A6F5 /* Project object */;
}
